
Microsoft Visual Studio Solution File, Format Version 11.00
# Visual Studio 2010
Project("{54435603-DBB4-11D2-8724-00A0C9A8B90C}") = "InovaSolutions", "InovaSolutions\InovaSolutions.vdproj", "{13C82F7B-33F7-4D11-AF67-856E5FCE135D}"
EndProject
Global
	GlobalSection(SolutionConfigurationPlatforms) = preSolution
		Debug|Default = Debug|Default
		Release|Default = Release|Default
	EndGlobalSection
	GlobalSection(ProjectConfigurationPlatforms) = postSolution
		{13C82F7B-33F7-4D11-AF67-856E5FCE135D}.Debug|Default.ActiveCfg = Debug
		{13C82F7B-33F7-4D11-AF67-856E5FCE135D}.Debug|Default.Build.0 = Debug
		{13C82F7B-33F7-4D11-AF67-856E5FCE135D}.Release|Default.ActiveCfg = Release
		{13C82F7B-33F7-4D11-AF67-856E5FCE135D}.Release|Default.Build.0 = Release
	EndGlobalSection
	GlobalSection(SolutionProperties) = preSolution
		HideSolutionNode = FALSE
	EndGlobalSection
EndGlobal
